
Microsoft Visual Studio Solution File, Format Version 12.00
# Visual Studio 2013
VisualStudioVersion = 12.0.30723.0
MinimumVisualStudioVersion = 10.0.40219.1
Project("{2150E333-8FDC-42A3-9474-1A3956D46DE8}") = "LabUniversalStructure", "LabUniversalStructure", "{6EFDF2BC-682C-4484-A568-37A454D8B787}"
EndProject
Project("{D954291E-2A0B-460D-934E-DC6B0785DB48}") = "LabUniversalStructure.Shared", "LabUniversalStructure\LabUniversalStructure.Shared\LabUniversalStructure.Shared.shproj", "{4ED347C9-2FC2-4D1A-8BAA-8E17A9241FB2}"
EndProject
Project("{FAE04EC0-301F-11D3-BF4B-00C04F79EFBC}") = "LabUniversalStructure.Windows", "LabUniversalStructure\LabUniversalStructure.Windows\LabUniversalStructure.Windows.csproj", "{F8031B03-A1E2-4C79-AE01-A4D30FD0EF72}"
EndProject
Project("{FAE04EC0-301F-11D3-BF4B-00C04F79EFBC}") = "LabUniversalStructure.WindowsPhone", "LabUniversalStructure\LabUniversalStructure.WindowsPhone\LabUniversalStructure.WindowsPhone.csproj", "{9FA9BC54-2BA1-4707-A830-DA261E9C4373}"
EndProject
Global
	GlobalSection(SharedMSBuildProjectFiles) = preSolution
		LabUniversalStructure\LabUniversalStructure.Shared\LabUniversalStructure.Shared.projitems*{4ed347c9-2fc2-4d1a-8baa-8e17a9241fb2}*SharedItemsImports = 13
		LabUniversalStructure\LabUniversalStructure.Shared\LabUniversalStructure.Shared.projitems*{f8031b03-a1e2-4c79-ae01-a4d30fd0ef72}*SharedItemsImports = 4
		LabUniversalStructure\LabUniversalStructure.Shared\LabUniversalStructure.Shared.projitems*{9fa9bc54-2ba1-4707-a830-da261e9c4373}*SharedItemsImports = 4
	EndGlobalSection
	GlobalSection(SolutionConfigurationPlatforms) = preSolution
		Debug|Any CPU = Debug|Any CPU
		Debug|ARM = Debug|ARM
		Debug|x64 = Debug|x64
		Debug|x86 = Debug|x86
		Release|Any CPU = Release|Any CPU
		Release|ARM = Release|ARM
		Release|x64 = Release|x64
		Release|x86 = Release|x86
	EndGlobalSection
	GlobalSection(ProjectConfigurationPlatforms) = postSolution
		{F8031B03-A1E2-4C79-AE01-A4D30FD0EF72}.Debug|Any CPU.ActiveCfg = Debug|Any CPU
		{F8031B03-A1E2-4C79-AE01-A4D30FD0EF72}.Debug|Any CPU.Build.0 = Debug|Any CPU
		{F8031B03-A1E2-4C79-AE01-A4D30FD0EF72}.Debug|Any CPU.Deploy.0 = Debug|Any CPU
		{F8031B03-A1E2-4C79-AE01-A4D30FD0EF72}.Debug|ARM.ActiveCfg = Debug|ARM
		{F8031B03-A1E2-4C79-AE01-A4D30FD0EF72}.Debug|ARM.Build.0 = Debug|ARM
		{F8031B03-A1E2-4C79-AE01-A4D30FD0EF72}.Debug|ARM.Deploy.0 = Debug|ARM
		{F8031B03-A1E2-4C79-AE01-A4D30FD0EF72}.Debug|x64.ActiveCfg = Debug|x64
		{F8031B03-A1E2-4C79-AE01-A4D30FD0EF72}.Debug|x64.Build.0 = Debug|x64
		{F8031B03-A1E2-4C79-AE01-A4D30FD0EF72}.Debug|x64.Deploy.0 = Debug|x64
		{F8031B03-A1E2-4C79-AE01-A4D30FD0EF72}.Debug|x86.ActiveCfg = Debug|x86
		{F8031B03-A1E2-4C79-AE01-A4D30FD0EF72}.Debug|x86.Build.0 = Debug|x86
		{F8031B03-A1E2-4C79-AE01-A4D30FD0EF72}.Debug|x86.Deploy.0 = Debug|x86
		{F8031B03-A1E2-4C79-AE01-A4D30FD0EF72}.Release|Any CPU.ActiveCfg = Release|Any CPU
		{F8031B03-A1E2-4C79-AE01-A4D30FD0EF72}.Release|Any CPU.Build.0 = Release|Any CPU
		{F8031B03-A1E2-4C79-AE01-A4D30FD0EF72}.Release|Any CPU.Deploy.0 = Release|Any CPU
		{F8031B03-A1E2-4C79-AE01-A4D30FD0EF72}.Release|ARM.ActiveCfg = Release|ARM
		{F8031B03-A1E2-4C79-AE01-A4D30FD0EF72}.Release|ARM.Build.0 = Release|ARM
		{F8031B03-A1E2-4C79-AE01-A4D30FD0EF72}.Release|ARM.Deploy.0 = Release|ARM
		{F8031B03-A1E2-4C79-AE01-A4D30FD0EF72}.Release|x64.ActiveCfg = Release|x64
		{F8031B03-A1E2-4C79-AE01-A4D30FD0EF72}.Release|x64.Build.0 = Release|x64
		{F8031B03-A1E2-4C79-AE01-A4D30FD0EF72}.Release|x64.Deploy.0 = Release|x64
		{F8031B03-A1E2-4C79-AE01-A4D30FD0EF72}.Release|x86.ActiveCfg = Release|x86
		{F8031B03-A1E2-4C79-AE01-A4D30FD0EF72}.Release|x86.Build.0 = Release|x86
		{F8031B03-A1E2-4C79-AE01-A4D30FD0EF72}.Release|x86.Deploy.0 = Release|x86
		{9FA9BC54-2BA1-4707-A830-DA261E9C4373}.Debug|Any CPU.ActiveCfg = Debug|Any CPU
		{9FA9BC54-2BA1-4707-A830-DA261E9C4373}.Debug|Any CPU.Build.0 = Debug|Any CPU
		{9FA9BC54-2BA1-4707-A830-DA261E9C4373}.Debug|Any CPU.Deploy.0 = Debug|Any CPU
		{9FA9BC54-2BA1-4707-A830-DA261E9C4373}.Debug|ARM.ActiveCfg = Debug|ARM
		{9FA9BC54-2BA1-4707-A830-DA261E9C4373}.Debug|ARM.Build.0 = Debug|ARM
		{9FA9BC54-2BA1-4707-A830-DA261E9C4373}.Debug|ARM.Deploy.0 = Debug|ARM
		{9FA9BC54-2BA1-4707-A830-DA261E9C4373}.Debug|x64.ActiveCfg = Debug|Any CPU
		{9FA9BC54-2BA1-4707-A830-DA261E9C4373}.Debug|x86.ActiveCfg = Debug|x86
		{9FA9BC54-2BA1-4707-A830-DA261E9C4373}.Debug|x86.Build.0 = Debug|x86
		{9FA9BC54-2BA1-4707-A830-DA261E9C4373}.Debug|x86.Deploy.0 = Debug|x86
		{9FA9BC54-2BA1-4707-A830-DA261E9C4373}.Release|Any CPU.ActiveCfg = Release|Any CPU
		{9FA9BC54-2BA1-4707-A830-DA261E9C4373}.Release|Any CPU.Build.0 = Release|Any CPU
		{9FA9BC54-2BA1-4707-A830-DA261E9C4373}.Release|Any CPU.Deploy.0 = Release|Any CPU
		{9FA9BC54-2BA1-4707-A830-DA261E9C4373}.Release|ARM.ActiveCfg = Release|ARM
		{9FA9BC54-2BA1-4707-A830-DA261E9C4373}.Release|ARM.Build.0 = Release|ARM
		{9FA9BC54-2BA1-4707-A830-DA261E9C4373}.Release|ARM.Deploy.0 = Release|ARM
		{9FA9BC54-2BA1-4707-A830-DA261E9C4373}.Release|x64.ActiveCfg = Release|Any CPU
		{9FA9BC54-2BA1-4707-A830-DA261E9C4373}.Release|x86.ActiveCfg = Release|x86
		{9FA9BC54-2BA1-4707-A830-DA261E9C4373}.Release|x86.Build.0 = Release|x86
		{9FA9BC54-2BA1-4707-A830-DA261E9C4373}.Release|x86.Deploy.0 = Release|x86
	EndGlobalSection
	GlobalSection(SolutionProperties) = preSolution
		HideSolutionNode = FALSE
	EndGlobalSection
	GlobalSection(NestedProjects) = preSolution
		{4ED347C9-2FC2-4D1A-8BAA-8E17A9241FB2} = {6EFDF2BC-682C-4484-A568-37A454D8B787}
		{F8031B03-A1E2-4C79-AE01-A4D30FD0EF72} = {6EFDF2BC-682C-4484-A568-37A454D8B787}
		{9FA9BC54-2BA1-4707-A830-DA261E9C4373} = {6EFDF2BC-682C-4484-A568-37A454D8B787}
	EndGlobalSection
EndGlobal
